
Microsoft Visual Studio Solution File, Format Version 12.00
# Visual Studio Version 17
VisualStudioVersion = 17.4.33110.190
MinimumVisualStudioVersion = 10.0.40219.1
Project("{888888A0-9F3D-457C-B088-3A5042F75D52}") = "HelloWorld", "HelloWorld.pyproj", "{28B007F3-B7C9-40C4-B6A6-CE75A9F4CB66}"
EndProject
Global
	GlobalSection(SolutionConfigurationPlatforms) = preSolution
		Debug|Any CPU = Debug|Any CPU
		Release|Any CPU = Release|Any CPU
	EndGlobalSection
	GlobalSection(ProjectConfigurationPlatforms) = postSolution
		{28B007F3-B7C9-40C4-B6A6-CE75A9F4CB66}.Debug|Any CPU.ActiveCfg = Debug|Any CPU
		{28B007F3-B7C9-40C4-B6A6-CE75A9F4CB66}.Release|Any CPU.ActiveCfg = Release|Any CPU
	EndGlobalSection
	GlobalSection(SolutionProperties) = preSolution
		HideSolutionNode = FALSE
	EndGlobalSection
	GlobalSection(ExtensibilityGlobals) = postSolution
		SolutionGuid = {E216053E-5C95-4F4A-A6E9-65458429A236}
	EndGlobalSection
EndGlobal
